// !$*UTF8*$!
{
	archiveVersion = 1;
	classes = {
	};
	objectVersion = 46;
	objects = {

/* Begin PBXAggregateTarget section */
		00AB83F1166488FA00E5EB97 /* CoreDataGenerator */ = {
			isa = PBXAggregateTarget;
			buildConfigurationList = 00AB83F2166488FA00E5EB97 /* Build configuration list for PBXAggregateTarget "CoreDataGenerator" */;
			buildPhases = (
				00AB83F51664893000E5EB97 /* ShellScript */,
			);
			dependencies = (
			);
			name = CoreDataGenerator;
			productName = CoreDataGenerator;
		};
/* End PBXAggregateTarget section */

/* Begin PBXBuildFile section */
		002E48D1166357A70003B4B4 /* UIKit.framework in Frameworks */ = {isa = PBXBuildFile; fileRef = 002E48D0166357A70003B4B4 /* UIKit.framework */; };
		002E48D3166357A70003B4B4 /* Foundation.framework in Frameworks */ = {isa = PBXBuildFile; fileRef = 002E48D2166357A70003B4B4 /* Foundation.framework */; };
		002E48D5166357A70003B4B4 /* CoreGraphics.framework in Frameworks */ = {isa = PBXBuildFile; fileRef = 002E48D4166357A70003B4B4 /* CoreGraphics.framework */; };
		002E48DB166357A70003B4B4 /* InfoPlist.strings in Resources */ = {isa = PBXBuildFile; fileRef = 002E48D9166357A70003B4B4 /* InfoPlist.strings */; };
		002E48DD166357A70003B4B4 /* main.m in Sources */ = {isa = PBXBuildFile; fileRef = 002E48DC166357A70003B4B4 /* main.m */; };
		002E48E1166357A70003B4B4 /* AppDelegate.m in Sources */ = {isa = PBXBuildFile; fileRef = 002E48E0166357A70003B4B4 /* AppDelegate.m */; };
		002E48E3166357A70003B4B4 /* Default.png in Resources */ = {isa = PBXBuildFile; fileRef = 002E48E2166357A70003B4B4 /* Default.png */; };
		002E48E5166357A70003B4B4 /* Default@2x.png in Resources */ = {isa = PBXBuildFile; fileRef = 002E48E4166357A70003B4B4 /* Default@2x.png */; };
		002E48E7166357A70003B4B4 /* Default-568h@2x.png in Resources */ = {isa = PBXBuildFile; fileRef = 002E48E6166357A70003B4B4 /* Default-568h@2x.png */; };
		002E48EA166357A70003B4B4 /* MainStoryboard.storyboard in Resources */ = {isa = PBXBuildFile; fileRef = 002E48E8166357A70003B4B4 /* MainStoryboard.storyboard */; };
		002E48ED166357A70003B4B4 /* MasterViewController.m in Sources */ = {isa = PBXBuildFile; fileRef = 002E48EC166357A70003B4B4 /* MasterViewController.m */; };
		002E48F0166357A70003B4B4 /* DetailViewController.m in Sources */ = {isa = PBXBuildFile; fileRef = 002E48EF166357A70003B4B4 /* DetailViewController.m */; };
		002E492B166361EE0003B4B4 /* libRestKit.a in Frameworks */ = {isa = PBXBuildFile; fileRef = 002E491F1663617C0003B4B4 /* libRestKit.a */; };
		002E492D166362030003B4B4 /* CFNetwork.framework in Frameworks */ = {isa = PBXBuildFile; fileRef = 002E492C166362030003B4B4 /* CFNetwork.framework */; };
		002E492F166362170003B4B4 /* CoreData.framework in Frameworks */ = {isa = PBXBuildFile; fileRef = 002E492E166362170003B4B4 /* CoreData.framework */; };
		002E49311663621E0003B4B4 /* MobileCoreServices.framework in Frameworks */ = {isa = PBXBuildFile; fileRef = 002E49301663621E0003B4B4 /* MobileCoreServices.framework */; };
		002E4933166362280003B4B4 /* Security.framework in Frameworks */ = {isa = PBXBuildFile; fileRef = 002E4932166362280003B4B4 /* Security.framework */; };
		002E4935166362320003B4B4 /* SystemConfiguration.framework in Frameworks */ = {isa = PBXBuildFile; fileRef = 002E4934166362320003B4B4 /* SystemConfiguration.framework */; };
		002E49371663623B0003B4B4 /* QuartzCore.framework in Frameworks */ = {isa = PBXBuildFile; fileRef = 002E49361663623B0003B4B4 /* QuartzCore.framework */; };
		002E4939166362460003B4B4 /* libxml2.dylib in Frameworks */ = {isa = PBXBuildFile; fileRef = 002E4938166362460003B4B4 /* libxml2.dylib */; };
		00AB836A166463EF00E5EB97 /* main.m in Sources */ = {isa = PBXBuildFile; fileRef = 002E48DC166357A70003B4B4 /* main.m */; };
		00AB836B166463EF00E5EB97 /* AppDelegate.m in Sources */ = {isa = PBXBuildFile; fileRef = 002E48E0166357A70003B4B4 /* AppDelegate.m */; };
		00AB836C166463EF00E5EB97 /* MasterViewController.m in Sources */ = {isa = PBXBuildFile; fileRef = 002E48EC166357A70003B4B4 /* MasterViewController.m */; };
		00AB836D166463EF00E5EB97 /* DetailViewController.m in Sources */ = {isa = PBXBuildFile; fileRef = 002E48EF166357A70003B4B4 /* DetailViewController.m */; };
		00AB836F166463EF00E5EB97 /* libxml2.dylib in Frameworks */ = {isa = PBXBuildFile; fileRef = 002E4938166362460003B4B4 /* libxml2.dylib */; };
		00AB8370166463EF00E5EB97 /* QuartzCore.framework in Frameworks */ = {isa = PBXBuildFile; fileRef = 002E49361663623B0003B4B4 /* QuartzCore.framework */; };
		00AB8371166463EF00E5EB97 /* SystemConfiguration.framework in Frameworks */ = {isa = PBXBuildFile; fileRef = 002E4934166362320003B4B4 /* SystemConfiguration.framework */; };
		00AB8372166463EF00E5EB97 /* Security.framework in Frameworks */ = {isa = PBXBuildFile; fileRef = 002E4932166362280003B4B4 /* Security.framework */; };
		00AB8373166463EF00E5EB97 /* MobileCoreServices.framework in Frameworks */ = {isa = PBXBuildFile; fileRef = 002E49301663621E0003B4B4 /* MobileCoreServices.framework */; };
		00AB8374166463EF00E5EB97 /* CoreData.framework in Frameworks */ = {isa = PBXBuildFile; fileRef = 002E492E166362170003B4B4 /* CoreData.framework */; };
		00AB8375166463EF00E5EB97 /* CFNetwork.framework in Frameworks */ = {isa = PBXBuildFile; fileRef = 002E492C166362030003B4B4 /* CFNetwork.framework */; };
		00AB8376166463EF00E5EB97 /* libRestKit.a in Frameworks */ = {isa = PBXBuildFile; fileRef = 002E491F1663617C0003B4B4 /* libRestKit.a */; };
		00AB8377166463EF00E5EB97 /* UIKit.framework in Frameworks */ = {isa = PBXBuildFile; fileRef = 002E48D0166357A70003B4B4 /* UIKit.framework */; };
		00AB8378166463EF00E5EB97 /* Foundation.framework in Frameworks */ = {isa = PBXBuildFile; fileRef = 002E48D2166357A70003B4B4 /* Foundation.framework */; };
		00AB8379166463EF00E5EB97 /* CoreGraphics.framework in Frameworks */ = {isa = PBXBuildFile; fileRef = 002E48D4166357A70003B4B4 /* CoreGraphics.framework */; };
		00AB837B166463EF00E5EB97 /* InfoPlist.strings in Resources */ = {isa = PBXBuildFile; fileRef = 002E48D9166357A70003B4B4 /* InfoPlist.strings */; };
		00AB837C166463EF00E5EB97 /* Default.png in Resources */ = {isa = PBXBuildFile; fileRef = 002E48E2166357A70003B4B4 /* Default.png */; };
		00AB837D166463EF00E5EB97 /* Default@2x.png in Resources */ = {isa = PBXBuildFile; fileRef = 002E48E4166357A70003B4B4 /* Default@2x.png */; };
		00AB837E166463EF00E5EB97 /* Default-568h@2x.png in Resources */ = {isa = PBXBuildFile; fileRef = 002E48E6166357A70003B4B4 /* Default-568h@2x.png */; };
		00AB837F166463EF00E5EB97 /* MainStoryboard.storyboard in Resources */ = {isa = PBXBuildFile; fileRef = 002E48E8166357A70003B4B4 /* MainStoryboard.storyboard */; };
		00AB838E166478D700E5EB97 /* brands.json in Resources */ = {isa = PBXBuildFile; fileRef = 00AB838D166478D700E5EB97 /* brands.json */; };
		00AB83EC1664866600E5EB97 /* Model.xcdatamodeld in Sources */ = {isa = PBXBuildFile; fileRef = 00AB83EA1664866600E5EB97 /* Model.xcdatamodeld */; };
		00AB83ED1664866600E5EB97 /* Model.xcdatamodeld in Sources */ = {isa = PBXBuildFile; fileRef = 00AB83EA1664866600E5EB97 /* Model.xcdatamodeld */; };
		00AB83FA166489A200E5EB97 /* _Brand.m in Sources */ = {isa = PBXBuildFile; fileRef = 00AB83F7166489A200E5EB97 /* _Brand.m */; };
		00AB83FB166489A200E5EB97 /* _Brand.m in Sources */ = {isa = PBXBuildFile; fileRef = 00AB83F7166489A200E5EB97 /* _Brand.m */; };
		00AB83FC166489A200E5EB97 /* _ProductCategory.m in Sources */ = {isa = PBXBuildFile; fileRef = 00AB83F9166489A200E5EB97 /* _ProductCategory.m */; };
		00AB83FD166489A200E5EB97 /* _ProductCategory.m in Sources */ = {isa = PBXBuildFile; fileRef = 00AB83F9166489A200E5EB97 /* _ProductCategory.m */; };
		00AB8403166489C900E5EB97 /* Brand.m in Sources */ = {isa = PBXBuildFile; fileRef = 00AB8400166489C900E5EB97 /* Brand.m */; };
		00AB8404166489C900E5EB97 /* Brand.m in Sources */ = {isa = PBXBuildFile; fileRef = 00AB8400166489C900E5EB97 /* Brand.m */; };
		00AB8405166489C900E5EB97 /* ProductCategory.m in Sources */ = {isa = PBXBuildFile; fileRef = 00AB8402166489C900E5EB97 /* ProductCategory.m */; };
		00AB8406166489C900E5EB97 /* ProductCategory.m in Sources */ = {isa = PBXBuildFile; fileRef = 00AB8402166489C900E5EB97 /* ProductCategory.m */; };
		00AB840C1664932A00E5EB97 /* CoreDataTest.m in Sources */ = {isa = PBXBuildFile; fileRef = 00AB840B1664932A00E5EB97 /* CoreDataTest.m */; };
		00AB8458166497CC00E5EB97 /* IBAlertView.m in Sources */ = {isa = PBXBuildFile; fileRef = 00AB8419166497CC00E5EB97 /* IBAlertView.m */; };
		00AB8459166497CC00E5EB97 /* IBCoreTextLabel.m in Sources */ = {isa = PBXBuildFile; fileRef = 00AB841B166497CC00E5EB97 /* IBCoreTextLabel.m */; };
		00AB845A166497CC00E5EB97 /* IBHTMLLabel.m in Sources */ = {isa = PBXBuildFile; fileRef = 00AB841D166497CC00E5EB97 /* IBHTMLLabel.m */; };
		00AB845B166497CC00E5EB97 /* CGContext+InnerBand.m in Sources */ = {isa = PBXBuildFile; fileRef = 00AB8421166497CC00E5EB97 /* CGContext+InnerBand.m */; };
		00AB845C166497CC00E5EB97 /* NSArray+InnerBand.m in Sources */ = {isa = PBXBuildFile; fileRef = 00AB8423166497CC00E5EB97 /* NSArray+InnerBand.m */; };
		00AB845D166497CC00E5EB97 /* NSDate+InnerBand.m in Sources */ = {isa = PBXBuildFile; fileRef = 00AB8425166497CC00E5EB97 /* NSDate+InnerBand.m */; };
		00AB845E166497CC00E5EB97 /* NSManagedObject+InnerBand.m in Sources */ = {isa = PBXBuildFile; fileRef = 00AB8427166497CC00E5EB97 /* NSManagedObject+InnerBand.m */; };
		00AB845F166497CC00E5EB97 /* NSMutableArray+InnerBand.m in Sources */ = {isa = PBXBuildFile; fileRef = 00AB8429166497CC00E5EB97 /* NSMutableArray+InnerBand.m */; };
		00AB8460166497CC00E5EB97 /* NSMutableString+InnerBand.m in Sources */ = {isa = PBXBuildFile; fileRef = 00AB842B166497CC00E5EB97 /* NSMutableString+InnerBand.m */; };
		00AB8461166497CC00E5EB97 /* NSNumber+InnerBand.m in Sources */ = {isa = PBXBuildFile; fileRef = 00AB842D166497CC00E5EB97 /* NSNumber+InnerBand.m */; };
		00AB8462166497CC00E5EB97 /* NSObject+InnerBand.m in Sources */ = {isa = PBXBuildFile; fileRef = 00AB842F166497CC00E5EB97 /* NSObject+InnerBand.m */; };
		00AB8463166497CC00E5EB97 /* NSString+InnerBand.m in Sources */ = {isa = PBXBuildFile; fileRef = 00AB8431166497CC00E5EB97 /* NSString+InnerBand.m */; };
		00AB8464166497CC00E5EB97 /* NSString+XMLEncoding.m in Sources */ = {isa = PBXBuildFile; fileRef = 00AB8433166497CC00E5EB97 /* NSString+XMLEncoding.m */; };
		00AB8465166497CC00E5EB97 /* UIColor+InnerBand.m in Sources */ = {isa = PBXBuildFile; fileRef = 00AB8435166497CC00E5EB97 /* UIColor+InnerBand.m */; };
		00AB8466166497CC00E5EB97 /* UIImage+InnerBand.m in Sources */ = {isa = PBXBuildFile; fileRef = 00AB8437166497CC00E5EB97 /* UIImage+InnerBand.m */; };
		00AB8467166497CC00E5EB97 /* UIView+InnerBand.m in Sources */ = {isa = PBXBuildFile; fileRef = 00AB8439166497CC00E5EB97 /* UIView+InnerBand.m */; };
		00AB8468166497CC00E5EB97 /* IBFunctions.m in Sources */ = {isa = PBXBuildFile; fileRef = 00AB843B166497CC00E5EB97 /* IBFunctions.m */; };
		00AB8469166497CC00E5EB97 /* IBViewUtil.m in Sources */ = {isa = PBXBuildFile; fileRef = 00AB8442166497CC00E5EB97 /* IBViewUtil.m */; };
		00AB846A166497CC00E5EB97 /* IBCoreDataStore.m in Sources */ = {isa = PBXBuildFile; fileRef = 00AB8445166497CC00E5EB97 /* IBCoreDataStore.m */; };
		00AB846B166497CC00E5EB97 /* IBBlockBasedDispatchMessage.m in Sources */ = {isa = PBXBuildFile; fileRef = 00AB8449166497CC00E5EB97 /* IBBlockBasedDispatchMessage.m */; };
		00AB846C166497CC00E5EB97 /* IBHTTPGetRequestMessage.m in Sources */ = {isa = PBXBuildFile; fileRef = 00AB844B166497CC00E5EB97 /* IBHTTPGetRequestMessage.m */; };
		00AB846D166497CC00E5EB97 /* IBHTTPPostRequestMessage.m in Sources */ = {isa = PBXBuildFile; fileRef = 00AB844D166497CC00E5EB97 /* IBHTTPPostRequestMessage.m */; };
		00AB846E166497CC00E5EB97 /* IBSequencedMessage.m in Sources */ = {isa = PBXBuildFile; fileRef = 00AB844F166497CC00E5EB97 /* IBSequencedMessage.m */; };
		00AB846F166497CC00E5EB97 /* IBDispatchMessage.m in Sources */ = {isa = PBXBuildFile; fileRef = 00AB8451166497CC00E5EB97 /* IBDispatchMessage.m */; };
		00AB8470166497CC00E5EB97 /* IBMessageCenter.m in Sources */ = {isa = PBXBuildFile; fileRef = 00AB8453166497CC00E5EB97 /* IBMessageCenter.m */; };
		00AB8471166497CC00E5EB97 /* IBMessageProcessor.m in Sources */ = {isa = PBXBuildFile; fileRef = 00AB8455166497CC00E5EB97 /* IBMessageProcessor.m */; };
		00AB8472166497CC00E5EB97 /* IBTargetAction.m in Sources */ = {isa = PBXBuildFile; fileRef = 00AB8457166497CC00E5EB97 /* IBTargetAction.m */; };
		00AB84741664986000E5EB97 /* CoreText.framework in Frameworks */ = {isa = PBXBuildFile; fileRef = 00AB84731664986000E5EB97 /* CoreText.framework */; };
		00AB847616649A0F00E5EB97 /* RKSeedDatabase.sqlite in Resources */ = {isa = PBXBuildFile; fileRef = 00AB847516649A0F00E5EB97 /* RKSeedDatabase.sqlite */; };
		00AB84781664D6A800E5EB97 /* ECBrand.json in Resources */ = {isa = PBXBuildFile; fileRef = 00AB84771664D6A800E5EB97 /* ECBrand.json */; };
/* End PBXBuildFile section */

/* Begin PBXContainerItemProxy section */
		002E491E1663617C0003B4B4 /* PBXContainerItemProxy */ = {
			isa = PBXContainerItemProxy;
			containerPortal = 002E49131663617C0003B4B4 /* RestKit.xcodeproj */;
			proxyType = 2;
			remoteGlobalIDString = 25160D1614564E810060A5C5;
			remoteInfo = RestKit;
		};
		002E49201663617C0003B4B4 /* PBXContainerItemProxy */ = {
			isa = PBXContainerItemProxy;
			containerPortal = 002E49131663617C0003B4B4 /* RestKit.xcodeproj */;
			proxyType = 2;
			remoteGlobalIDString = 25160D2614564E820060A5C5;
			remoteInfo = RestKitTests;
		};
		002E49221663617C0003B4B4 /* PBXContainerItemProxy */ = {
			isa = PBXContainerItemProxy;
			containerPortal = 002E49131663617C0003B4B4 /* RestKit.xcodeproj */;
			proxyType = 2;
			remoteGlobalIDString = 25160E62145651060060A5C5;
			remoteInfo = RestKitFramework;
		};
		002E49241663617C0003B4B4 /* PBXContainerItemProxy */ = {
			isa = PBXContainerItemProxy;
			containerPortal = 002E49131663617C0003B4B4 /* RestKit.xcodeproj */;
			proxyType = 2;
			remoteGlobalIDString = 25160E78145651060060A5C5;
			remoteInfo = RestKitFrameworkTests;
		};
		002E49261663617C0003B4B4 /* PBXContainerItemProxy */ = {
			isa = PBXContainerItemProxy;
			containerPortal = 002E49131663617C0003B4B4 /* RestKit.xcodeproj */;
			proxyType = 2;
			remoteGlobalIDString = 259C301615128079003066A2;
			remoteInfo = RestKitResources;
		};
		002E4929166361B10003B4B4 /* PBXContainerItemProxy */ = {
			isa = PBXContainerItemProxy;
			containerPortal = 002E49131663617C0003B4B4 /* RestKit.xcodeproj */;
			proxyType = 1;
			remoteGlobalIDString = 25160D1514564E810060A5C5;
			remoteInfo = RestKit;
		};
		00AB8368166463EF00E5EB97 /* PBXContainerItemProxy */ = {
			isa = PBXContainerItemProxy;
			containerPortal = 002E49131663617C0003B4B4 /* RestKit.xcodeproj */;
			proxyType = 1;
			remoteGlobalIDString = 25160D1514564E810060A5C5;
			remoteInfo = RestKit;
		};
/* End PBXContainerItemProxy section */

/* Begin PBXFileReference section */
		002E48CC166357A70003B4B4 /* TestRestKit.app */ = {isa = PBXFileReference; explicitFileType = wrapper.application; includeInIndex = 0; path = TestRestKit.app; sourceTree = BUILT_PRODUCTS_DIR; };
		002E48D0166357A70003B4B4 /* UIKit.framework */ = {isa = PBXFileReference; lastKnownFileType = wrapper.framework; name = UIKit.framework; path = System/Library/Frameworks/UIKit.framework; sourceTree = SDKROOT; };
		002E48D2166357A70003B4B4 /* Foundation.framework */ = {isa = PBXFileReference; lastKnownFileType = wrapper.framework; name = Foundation.framework; path = System/Library/Frameworks/Foundation.framework; sourceTree = SDKROOT; };
		002E48D4166357A70003B4B4 /* CoreGraphics.framework */ = {isa = PBXFileReference; lastKnownFileType = wrapper.framework; name = CoreGraphics.framework; path = System/Library/Frameworks/CoreGraphics.framework; sourceTree = SDKROOT; };
		002E48D8166357A70003B4B4 /* TestRestKit-Info.plist */ = {isa = PBXFileReference; lastKnownFileType = text.plist.xml; path = "TestRestKit-Info.plist"; sourceTree = "<group>"; };
		002E48DA166357A70003B4B4 /* en */ = {isa = PBXFileReference; lastKnownFileType = text.plist.strings; name = en; path = en.lproj/InfoPlist.strings; sourceTree = "<group>"; };
		002E48DC166357A70003B4B4 /* main.m */ = {isa = PBXFileReference; lastKnownFileType = sourcecode.c.objc; path = main.m; sourceTree = "<group>"; };
		002E48DE166357A70003B4B4 /* TestRestKit-Prefix.pch */ = {isa = PBXFileReference; lastKnownFileType = sourcecode.c.h; path = "TestRestKit-Prefix.pch"; sourceTree = "<group>"; };
		002E48DF166357A70003B4B4 /* AppDelegate.h */ = {isa = PBXFileReference; lastKnownFileType = sourcecode.c.h; path = AppDelegate.h; sourceTree = "<group>"; };
		002E48E0166357A70003B4B4 /* AppDelegate.m */ = {isa = PBXFileReference; lastKnownFileType = sourcecode.c.objc; path = AppDelegate.m; sourceTree = "<group>"; };
		002E48E2166357A70003B4B4 /* Default.png */ = {isa = PBXFileReference; lastKnownFileType = image.png; path = Default.png; sourceTree = "<group>"; };
		002E48E4166357A70003B4B4 /* Default@2x.png */ = {isa = PBXFileReference; lastKnownFileType = image.png; path = "Default@2x.png"; sourceTree = "<group>"; };
		002E48E6166357A70003B4B4 /* Default-568h@2x.png */ = {isa = PBXFileReference; lastKnownFileType = image.png; path = "Default-568h@2x.png"; sourceTree = "<group>"; };
		002E48E9166357A70003B4B4 /* en */ = {isa = PBXFileReference; lastKnownFileType = file.storyboard; name = en; path = en.lproj/MainStoryboard.storyboard; sourceTree = "<group>"; };
		002E48EB166357A70003B4B4 /* MasterViewController.h */ = {isa = PBXFileReference; lastKnownFileType = sourcecode.c.h; path = MasterViewController.h; sourceTree = "<group>"; };
		002E48EC166357A70003B4B4 /* MasterViewController.m */ = {isa = PBXFileReference; lastKnownFileType = sourcecode.c.objc; path = MasterViewController.m; sourceTree = "<group>"; };
		002E48EE166357A70003B4B4 /* DetailViewController.h */ = {isa = PBXFileReference; lastKnownFileType = sourcecode.c.h; path = DetailViewController.h; sourceTree = "<group>"; };
		002E48EF166357A70003B4B4 /* DetailViewController.m */ = {isa = PBXFileReference; lastKnownFileType = sourcecode.c.objc; path = DetailViewController.m; sourceTree = "<group>"; };
		002E49131663617C0003B4B4 /* RestKit.xcodeproj */ = {isa = PBXFileReference; lastKnownFileType = "wrapper.pb-project"; name = RestKit.xcodeproj; path = RestKit/RestKit.xcodeproj; sourceTree = "<group>"; };
		002E492C166362030003B4B4 /* CFNetwork.framework */ = {isa = PBXFileReference; lastKnownFileType = wrapper.framework; name = CFNetwork.framework; path = System/Library/Frameworks/CFNetwork.framework; sourceTree = SDKROOT; };
		002E492E166362170003B4B4 /* CoreData.framework */ = {isa = PBXFileReference; lastKnownFileType = wrapper.framework; name = CoreData.framework; path = System/Library/Frameworks/CoreData.framework; sourceTree = SDKROOT; };
		002E49301663621E0003B4B4 /* MobileCoreServices.framework */ = {isa = PBXFileReference; lastKnownFileType = wrapper.framework; name = MobileCoreServices.framework; path = System/Library/Frameworks/MobileCoreServices.framework; sourceTree = SDKROOT; };
		002E4932166362280003B4B4 /* Security.framework */ = {isa = PBXFileReference; lastKnownFileType = wrapper.framework; name = Security.framework; path = System/Library/Frameworks/Security.framework; sourceTree = SDKROOT; };
		002E4934166362320003B4B4 /* SystemConfiguration.framework */ = {isa = PBXFileReference; lastKnownFileType = wrapper.framework; name = SystemConfiguration.framework; path = System/Library/Frameworks/SystemConfiguration.framework; sourceTree = SDKROOT; };
		002E49361663623B0003B4B4 /* QuartzCore.framework */ = {isa = PBXFileReference; lastKnownFileType = wrapper.framework; name = QuartzCore.framework; path = System/Library/Frameworks/QuartzCore.framework; sourceTree = SDKROOT; };
		002E4938166362460003B4B4 /* libxml2.dylib */ = {isa = PBXFileReference; lastKnownFileType = "compiled.mach-o.dylib"; name = libxml2.dylib; path = usr/lib/libxml2.dylib; sourceTree = SDKROOT; };
		00AB8383166463EF00E5EB97 /* TestRestKit copy.app */ = {isa = PBXFileReference; explicitFileType = wrapper.application; includeInIndex = 0; path = "TestRestKit copy.app"; sourceTree = BUILT_PRODUCTS_DIR; };
		00AB8385166463EF00E5EB97 /* TestRestKit copy-Info.plist */ = {isa = PBXFileReference; lastKnownFileType = text.plist.xml; name = "TestRestKit copy-Info.plist"; path = "/Users/aaa/Whitman/DevResource/WorkingSpace_Test/TestRestKit/TestRestKit copy-Info.plist"; sourceTree = "<absolute>"; };
		00AB838D166478D700E5EB97 /* brands.json */ = {isa = PBXFileReference; fileEncoding = 4; lastKnownFileType = text.json; path = brands.json; sourceTree = SOURCE_ROOT; };
		00AB83EB1664866600E5EB97 /* Model.xcdatamodel */ = {isa = PBXFileReference; lastKnownFileType = wrapper.xcdatamodel; path = Model.xcdatamodel; sourceTree = "<group>"; };
		00AB83F6166489A200E5EB97 /* _Brand.h */ = {isa = PBXFileReference; fileEncoding = 4; lastKnownFileType = sourcecode.c.h; path = _Brand.h; sourceTree = "<group>"; };
		00AB83F7166489A200E5EB97 /* _Brand.m */ = {isa = PBXFileReference; fileEncoding = 4; lastKnownFileType = sourcecode.c.objc; path = _Brand.m; sourceTree = "<group>"; };
		00AB83F8166489A200E5EB97 /* _ProductCategory.h */ = {isa = PBXFileReference; fileEncoding = 4; lastKnownFileType = sourcecode.c.h; path = _ProductCategory.h; sourceTree = "<group>"; };
		00AB83F9166489A200E5EB97 /* _ProductCategory.m */ = {isa = PBXFileReference; fileEncoding = 4; lastKnownFileType = sourcecode.c.objc; path = _ProductCategory.m; sourceTree = "<group>"; };
		00AB83FF166489C900E5EB97 /* Brand.h */ = {isa = PBXFileReference; fileEncoding = 4; lastKnownFileType = sourcecode.c.h; path = Brand.h; sourceTree = "<group>"; };
		00AB8400166489C900E5EB97 /* Brand.m */ = {isa = PBXFileReference; fileEncoding = 4; lastKnownFileType = sourcecode.c.objc; path = Brand.m; sourceTree = "<group>"; };
		00AB8401166489C900E5EB97 /* ProductCategory.h */ = {isa = PBXFileReference; fileEncoding = 4; lastKnownFileType = sourcecode.c.h; path = ProductCategory.h; sourceTree = "<group>"; };
		00AB8402166489C900E5EB97 /* ProductCategory.m */ = {isa = PBXFileReference; fileEncoding = 4; lastKnownFileType = sourcecode.c.objc; path = ProductCategory.m; sourceTree = "<group>"; };
		00AB840A1664932A00E5EB97 /* CoreDataTest.h */ = {isa = PBXFileReference; fileEncoding = 4; lastKnownFileType = sourcecode.c.h; path = CoreDataTest.h; sourceTree = "<group>"; };
		00AB840B1664932A00E5EB97 /* CoreDataTest.m */ = {isa = PBXFileReference; fileEncoding = 4; lastKnownFileType = sourcecode.c.objc; path = CoreDataTest.m; sourceTree = "<group>"; };
		00AB8418166497CC00E5EB97 /* IBAlertView.h */ = {isa = PBXFileReference; fileEncoding = 4; lastKnownFileType = sourcecode.c.h; path = IBAlertView.h; sourceTree = "<group>"; };
		00AB8419166497CC00E5EB97 /* IBAlertView.m */ = {isa = PBXFileReference; fileEncoding = 4; lastKnownFileType = sourcecode.c.objc; path = IBAlertView.m; sourceTree = "<group>"; };
		00AB841A166497CC00E5EB97 /* IBCoreTextLabel.h */ = {isa = PBXFileReference; fileEncoding = 4; lastKnownFileType = sourcecode.c.h; path = IBCoreTextLabel.h; sourceTree = "<group>"; };
		00AB841B166497CC00E5EB97 /* IBCoreTextLabel.m */ = {isa = PBXFileReference; fileEncoding = 4; lastKnownFileType = sourcecode.c.objc; path = IBCoreTextLabel.m; sourceTree = "<group>"; };
		00AB841C166497CC00E5EB97 /* IBHTMLLabel.h */ = {isa = PBXFileReference; fileEncoding = 4; lastKnownFileType = sourcecode.c.h; path = IBHTMLLabel.h; sourceTree = "<group>"; };
		00AB841D166497CC00E5EB97 /* IBHTMLLabel.m */ = {isa = PBXFileReference; fileEncoding = 4; lastKnownFileType = sourcecode.c.objc; path = IBHTMLLabel.m; sourceTree = "<group>"; };
		00AB8420166497CC00E5EB97 /* CGContext+InnerBand.h */ = {isa = PBXFileReference; fileEncoding = 4; lastKnownFileType = sourcecode.c.h; path = "CGContext+InnerBand.h"; sourceTree = "<group>"; };
		00AB8421166497CC00E5EB97 /* CGContext+InnerBand.m */ = {isa = PBXFileReference; fileEncoding = 4; lastKnownFileType = sourcecode.c.objc; path = "CGContext+InnerBand.m"; sourceTree = "<group>"; };
		00AB8422166497CC00E5EB97 /* NSArray+InnerBand.h */ = {isa = PBXFileReference; fileEncoding = 4; lastKnownFileType = sourcecode.c.h; path = "NSArray+InnerBand.h"; sourceTree = "<group>"; };
		00AB8423166497CC00E5EB97 /* NSArray+InnerBand.m */ = {isa = PBXFileReference; fileEncoding = 4; lastKnownFileType = sourcecode.c.objc; path = "NSArray+InnerBand.m"; sourceTree = "<group>"; };
		00AB8424166497CC00E5EB97 /* NSDate+InnerBand.h */ = {isa = PBXFileReference; fileEncoding = 4; lastKnownFileType = sourcecode.c.h; path = "NSDate+InnerBand.h"; sourceTree = "<group>"; };
		00AB8425166497CC00E5EB97 /* NSDate+InnerBand.m */ = {isa = PBXFileReference; fileEncoding = 4; lastKnownFileType = sourcecode.c.objc; path = "NSDate+InnerBand.m"; sourceTree = "<group>"; };
		00AB8426166497CC00E5EB97 /* NSManagedObject+InnerBand.h */ = {isa = PBXFileReference; fileEncoding = 4; lastKnownFileType = sourcecode.c.h; path = "NSManagedObject+InnerBand.h"; sourceTree = "<group>"; };
		00AB8427166497CC00E5EB97 /* NSManagedObject+InnerBand.m */ = {isa = PBXFileReference; fileEncoding = 4; lastKnownFileType = sourcecode.c.objc; path = "NSManagedObject+InnerBand.m"; sourceTree = "<group>"; };
		00AB8428166497CC00E5EB97 /* NSMutableArray+InnerBand.h */ = {isa = PBXFileReference; fileEncoding = 4; lastKnownFileType = sourcecode.c.h; path = "NSMutableArray+InnerBand.h"; sourceTree = "<group>"; };
		00AB8429166497CC00E5EB97 /* NSMutableArray+InnerBand.m */ = {isa = PBXFileReference; fileEncoding = 4; lastKnownFileType = sourcecode.c.objc; path = "NSMutableArray+InnerBand.m"; sourceTree = "<group>"; };
		00AB842A166497CC00E5EB97 /* NSMutableString+InnerBand.h */ = {isa = PBXFileReference; fileEncoding = 4; lastKnownFileType = sourcecode.c.h; path = "NSMutableString+InnerBand.h"; sourceTree = "<group>"; };
		00AB842B166497CC00E5EB97 /* NSMutableString+InnerBand.m */ = {isa = PBXFileReference; fileEncoding = 4; lastKnownFileType = sourcecode.c.objc; path = "NSMutableString+InnerBand.m"; sourceTree = "<group>"; };
		00AB842C166497CC00E5EB97 /* NSNumber+InnerBand.h */ = {isa = PBXFileReference; fileEncoding = 4; lastKnownFileType = sourcecode.c.h; path = "NSNumber+InnerBand.h"; sourceTree = "<group>"; };
		00AB842D166497CC00E5EB97 /* NSNumber+InnerBand.m */ = {isa = PBXFileReference; fileEncoding = 4; lastKnownFileType = sourcecode.c.objc; path = "NSNumber+InnerBand.m"; sourceTree = "<group>"; };
		00AB842E166497CC00E5EB97 /* NSObject+InnerBand.h */ = {isa = PBXFileReference; fileEncoding = 4; lastKnownFileType = sourcecode.c.h; path = "NSObject+InnerBand.h"; sourceTree = "<group>"; };
		00AB842F166497CC00E5EB97 /* NSObject+InnerBand.m */ = {isa = PBXFileReference; fileEncoding = 4; lastKnownFileType = sourcecode.c.objc; path = "NSObject+InnerBand.m"; sourceTree = "<group>"; };
		00AB8430166497CC00E5EB97 /* NSString+InnerBand.h */ = {isa = PBXFileReference; fileEncoding = 4; lastKnownFileType = sourcecode.c.h; path = "NSString+InnerBand.h"; sourceTree = "<group>"; };
		00AB8431166497CC00E5EB97 /* NSString+InnerBand.m */ = {isa = PBXFileReference; fileEncoding = 4; lastKnownFileType = sourcecode.c.objc; path = "NSString+InnerBand.m"; sourceTree = "<group>"; };
		00AB8432166497CC00E5EB97 /* NSString+XMLEncoding.h */ = {isa = PBXFileReference; fileEncoding = 4; lastKnownFileType = sourcecode.c.h; path = "NSString+XMLEncoding.h"; sourceTree = "<group>"; };
		00AB8433166497CC00E5EB97 /* NSString+XMLEncoding.m */ = {isa = PBXFileReference; fileEncoding = 4; lastKnownFileType = sourcecode.c.objc; path = "NSString+XMLEncoding.m"; sourceTree = "<group>"; };
		00AB8434166497CC00E5EB97 /* UIColor+InnerBand.h */ = {isa = PBXFileReference; fileEncoding = 4; lastKnownFileType = sourcecode.c.h; path = "UIColor+InnerBand.h"; sourceTree = "<group>"; };
		00AB8435166497CC00E5EB97 /* UIColor+InnerBand.m */ = {isa = PBXFileReference; fileEncoding = 4; lastKnownFileType = sourcecode.c.objc; path = "UIColor+InnerBand.m"; sourceTree = "<group>"; };
		00AB8436166497CC00E5EB97 /* UIImage+InnerBand.h */ = {isa = PBXFileReference; fileEncoding = 4; lastKnownFileType = sourcecode.c.h; path = "UIImage+InnerBand.h"; sourceTree = "<group>"; };
		00AB8437166497CC00E5EB97 /* UIImage+InnerBand.m */ = {isa = PBXFileReference; fileEncoding = 4; lastKnownFileType = sourcecode.c.objc; path = "UIImage+InnerBand.m"; sourceTree = "<group>"; };
		00AB8438166497CC00E5EB97 /* UIView+InnerBand.h */ = {isa = PBXFileReference; fileEncoding = 4; lastKnownFileType = sourcecode.c.h; path = "UIView+InnerBand.h"; sourceTree = "<group>"; };
		00AB8439166497CC00E5EB97 /* UIView+InnerBand.m */ = {isa = PBXFileReference; fileEncoding = 4; lastKnownFileType = sourcecode.c.objc; path = "UIView+InnerBand.m"; sourceTree = "<group>"; };
		00AB843A166497CC00E5EB97 /* IBFunctions.h */ = {isa = PBXFileReference; fileEncoding = 4; lastKnownFileType = sourcecode.c.h; path = IBFunctions.h; sourceTree = "<group>"; };
		00AB843B166497CC00E5EB97 /* IBFunctions.m */ = {isa = PBXFileReference; fileEncoding = 4; lastKnownFileType = sourcecode.c.objc; path = IBFunctions.m; sourceTree = "<group>"; };
		00AB843D166497CC00E5EB97 /* IBConstants.h */ = {isa = PBXFileReference; fileEncoding = 4; lastKnownFileType = sourcecode.c.h; path = IBConstants.h; sourceTree = "<group>"; };
		00AB843E166497CC00E5EB97 /* IBMacros.h */ = {isa = PBXFileReference; fileEncoding = 4; lastKnownFileType = sourcecode.c.h; path = IBMacros.h; sourceTree = "<group>"; };
		00AB843F166497CC00E5EB97 /* IBTypes.h */ = {isa = PBXFileReference; fileEncoding = 4; lastKnownFileType = sourcecode.c.h; path = IBTypes.h; sourceTree = "<group>"; };
		00AB8441166497CC00E5EB97 /* IBViewUtil.h */ = {isa = PBXFileReference; fileEncoding = 4; lastKnownFileType = sourcecode.c.h; path = IBViewUtil.h; sourceTree = "<group>"; };
		00AB8442166497CC00E5EB97 /* IBViewUtil.m */ = {isa = PBXFileReference; fileEncoding = 4; lastKnownFileType = sourcecode.c.objc; path = IBViewUtil.m; sourceTree = "<group>"; };
		00AB8444166497CC00E5EB97 /* IBCoreDataStore.h */ = {isa = PBXFileReference; fileEncoding = 4; lastKnownFileType = sourcecode.c.h; path = IBCoreDataStore.h; sourceTree = "<group>"; };
		00AB8445166497CC00E5EB97 /* IBCoreDataStore.m */ = {isa = PBXFileReference; fileEncoding = 4; lastKnownFileType = sourcecode.c.objc; path = IBCoreDataStore.m; sourceTree = "<group>"; };
		00AB8448166497CC00E5EB97 /* IBBlockBasedDispatchMessage.h */ = {isa = PBXFileReference; fileEncoding = 4; lastKnownFileType = sourcecode.c.h; path = IBBlockBasedDispatchMessage.h; sourceTree = "<group>"; };
		00AB8449166497CC00E5EB97 /* IBBlockBasedDispatchMessage.m */ = {isa = PBXFileReference; fileEncoding = 4; lastKnownFileType = sourcecode.c.objc; path = IBBlockBasedDispatchMessage.m; sourceTree = "<group>"; };
		00AB844A166497CC00E5EB97 /* IBHTTPGetRequestMessage.h */ = {isa = PBXFileReference; fileEncoding = 4; lastKnownFileType = sourcecode.c.h; path = IBHTTPGetRequestMessage.h; sourceTree = "<group>"; };
		00AB844B166497CC00E5EB97 /* IBHTTPGetRequestMessage.m */ = {isa = PBXFileReference; fileEncoding = 4; lastKnownFileType = sourcecode.c.objc; path = IBHTTPGetRequestMessage.m; sourceTree = "<group>"; };
		00AB844C166497CC00E5EB97 /* IBHTTPPostRequestMessage.h */ = {isa = PBXFileReference; fileEncoding = 4; lastKnownFileType = sourcecode.c.h; path = IBHTTPPostRequestMessage.h; sourceTree = "<group>"; };
		00AB844D166497CC00E5EB97 /* IBHTTPPostRequestMessage.m */ = {isa = PBXFileReference; fileEncoding = 4; lastKnownFileType = sourcecode.c.objc; path = IBHTTPPostRequestMessage.m; sourceTree = "<group>"; };
		00AB844E166497CC00E5EB97 /* IBSequencedMessage.h */ = {isa = PBXFileReference; fileEncoding = 4; lastKnownFileType = sourcecode.c.h; path = IBSequencedMessage.h; sourceTree = "<group>"; };
		00AB844F166497CC00E5EB97 /* IBSequencedMessage.m */ = {isa = PBXFileReference; fileEncoding = 4; lastKnownFileType = sourcecode.c.objc; path = IBSequencedMessage.m; sourceTree = "<group>"; };
		00AB8450166497CC00E5EB97 /* IBDispatchMessage.h */ = {isa = PBXFileReference; fileEncoding = 4; lastKnownFileType = sourcecode.c.h; path = IBDispatchMessage.h; sourceTree = "<group>"; };
		00AB8451166497CC00E5EB97 /* IBDispatchMessage.m */ = {isa = PBXFileReference; fileEncoding = 4; lastKnownFileType = sourcecode.c.objc; path = IBDispatchMessage.m; sourceTree = "<group>"; };
		00AB8452166497CC00E5EB97 /* IBMessageCenter.h */ = {isa = PBXFileReference; fileEncoding = 4; lastKnownFileType = sourcecode.c.h; path = IBMessageCenter.h; sourceTree = "<group>"; };
		00AB8453166497CC00E5EB97 /* IBMessageCenter.m */ = {isa = PBXFileReference; fileEncoding = 4; lastKnownFileType = sourcecode.c.objc; path = IBMessageCenter.m; sourceTree = "<group>"; };
		00AB8454166497CC00E5EB97 /* IBMessageProcessor.h */ = {isa = PBXFileReference; fileEncoding = 4; lastKnownFileType = sourcecode.c.h; path = IBMessageProcessor.h; sourceTree = "<group>"; };
		00AB8455166497CC00E5EB97 /* IBMessageProcessor.m */ = {isa = PBXFileReference; fileEncoding = 4; lastKnownFileType = sourcecode.c.objc; path = IBMessageProcessor.m; sourceTree = "<group>"; };
		00AB8456166497CC00E5EB97 /* IBTargetAction.h */ = {isa = PBXFileReference; fileEncoding = 4; lastKnownFileType = sourcecode.c.h; path = IBTargetAction.h; sourceTree = "<group>"; };
		00AB8457166497CC00E5EB97 /* IBTargetAction.m */ = {isa = PBXFileReference; fileEncoding = 4; lastKnownFileType = sourcecode.c.objc; path = IBTargetAction.m; sourceTree = "<group>"; };
		00AB84731664986000E5EB97 /* CoreText.framework */ = {isa = PBXFileReference; lastKnownFileType = wrapper.framework; name = CoreText.framework; path = System/Library/Frameworks/CoreText.framework; sourceTree = SDKROOT; };
		00AB847516649A0F00E5EB97 /* RKSeedDatabase.sqlite */ = {isa = PBXFileReference; lastKnownFileType = file; path = RKSeedDatabase.sqlite; sourceTree = SOURCE_ROOT; };
		00AB84771664D6A800E5EB97 /* ECBrand.json */ = {isa = PBXFileReference; fileEncoding = 4; lastKnownFileType = text.json; path = ECBrand.json; sourceTree = SOURCE_ROOT; };
/* End PBXFileReference section */

/* Begin PBXFrameworksBuildPhase section */
		002E48C9166357A70003B4B4 /* Frameworks */ = {
			isa = PBXFrameworksBuildPhase;
			buildActionMask = 2147483647;
			files = (
				00AB84741664986000E5EB97 /* CoreText.framework in Frameworks */,
				002E4939166362460003B4B4 /* libxml2.dylib in Frameworks */,
				002E49371663623B0003B4B4 /* QuartzCore.framework in Frameworks */,
				002E4935166362320003B4B4 /* SystemConfiguration.framework in Frameworks */,
				002E4933166362280003B4B4 /* Security.framework in Frameworks */,
				002E49311663621E0003B4B4 /* MobileCoreServices.framework in Frameworks */,
				002E492F166362170003B4B4 /* CoreData.framework in Frameworks */,
				002E492D166362030003B4B4 /* CFNetwork.framework in Frameworks */,
				002E492B166361EE0003B4B4 /* libRestKit.a in Frameworks */,
				002E48D1166357A70003B4B4 /* UIKit.framework in Frameworks */,
				002E48D3166357A70003B4B4 /* Foundation.framework in Frameworks */,
				002E48D5166357A70003B4B4 /* CoreGraphics.framework in Frameworks */,
			);
			runOnlyForDeploymentPostprocessing = 0;
		};
		00AB836E166463EF00E5EB97 /* Frameworks */ = {
			isa = PBXFrameworksBuildPhase;
			buildActionMask = 2147483647;
			files = (
				00AB836F166463EF00E5EB97 /* libxml2.dylib in Frameworks */,
				00AB8370166463EF00E5EB97 /* QuartzCore.framework in Frameworks */,
				00AB8371166463EF00E5EB97 /* SystemConfiguration.framework in Frameworks */,
				00AB8372166463EF00E5EB97 /* Security.framework in Frameworks */,
				00AB8373166463EF00E5EB97 /* MobileCoreServices.framework in Frameworks */,
				00AB8374166463EF00E5EB97 /* CoreData.framework in Frameworks */,
				00AB8375166463EF00E5EB97 /* CFNetwork.framework in Frameworks */,
				00AB8376166463EF00E5EB97 /* libRestKit.a in Frameworks */,
				00AB8377166463EF00E5EB97 /* UIKit.framework in Frameworks */,
				00AB8378166463EF00E5EB97 /* Foundation.framework in Frameworks */,
				00AB8379166463EF00E5EB97 /* CoreGraphics.framework in Frameworks */,
			);
			runOnlyForDeploymentPostprocessing = 0;
		};
/* End PBXFrameworksBuildPhase section */

/* Begin PBXGroup section */
		002E48C1166357A70003B4B4 = {
			isa = PBXGroup;
			children = (
				002E49131663617C0003B4B4 /* RestKit.xcodeproj */,
				002E48D6166357A70003B4B4 /* TestRestKit */,
				002E48CF166357A70003B4B4 /* Frameworks */,
				002E48CD166357A70003B4B4 /* Products */,
				00AB8385166463EF00E5EB97 /* TestRestKit copy-Info.plist */,
			);
			sourceTree = "<group>";
		};
		002E48CD166357A70003B4B4 /* Products */ = {
			isa = PBXGroup;
			children = (
				002E48CC166357A70003B4B4 /* TestRestKit.app */,
				00AB8383166463EF00E5EB97 /* TestRestKit copy.app */,
			);
			name = Products;
			sourceTree = "<group>";
		};
		002E48CF166357A70003B4B4 /* Frameworks */ = {
			isa = PBXGroup;
			children = (
				00AB84731664986000E5EB97 /* CoreText.framework */,
				002E4938166362460003B4B4 /* libxml2.dylib */,
				002E49361663623B0003B4B4 /* QuartzCore.framework */,
				002E4934166362320003B4B4 /* SystemConfiguration.framework */,
				002E4932166362280003B4B4 /* Security.framework */,
				002E49301663621E0003B4B4 /* MobileCoreServices.framework */,
				002E492E166362170003B4B4 /* CoreData.framework */,
				002E492C166362030003B4B4 /* CFNetwork.framework */,
				002E48D0166357A70003B4B4 /* UIKit.framework */,
				002E48D2166357A70003B4B4 /* Foundation.framework */,
				002E48D4166357A70003B4B4 /* CoreGraphics.framework */,
			);
			name = Frameworks;
			sourceTree = "<group>";
		};
		002E48D6166357A70003B4B4 /* TestRestKit */ = {
			isa = PBXGroup;
			children = (
				00AB8415166495D200E5EB97 /* 3rdParty */,
				002E48DF166357A70003B4B4 /* AppDelegate.h */,
				002E48E0166357A70003B4B4 /* AppDelegate.m */,
				00AB83EE1664889900E5EB97 /* CoreData */,
				002E48EE166357A70003B4B4 /* DetailViewController.h */,
				002E48EF166357A70003B4B4 /* DetailViewController.m */,
				002E48E8166357A70003B4B4 /* MainStoryboard.storyboard */,
				002E48EB166357A70003B4B4 /* MasterViewController.h */,
				002E48EC166357A70003B4B4 /* MasterViewController.m */,
				002E48D7166357A70003B4B4 /* Supporting Files */,
			);
			path = TestRestKit;
			sourceTree = "<group>";
		};
		002E48D7166357A70003B4B4 /* Supporting Files */ = {
			isa = PBXGroup;
			children = (
				00AB84771664D6A800E5EB97 /* ECBrand.json */,
				00AB847516649A0F00E5EB97 /* RKSeedDatabase.sqlite */,
				00AB83EA1664866600E5EB97 /* Model.xcdatamodeld */,
				00AB838D166478D700E5EB97 /* brands.json */,
				002E48D8166357A70003B4B4 /* TestRestKit-Info.plist */,
				002E48D9166357A70003B4B4 /* InfoPlist.strings */,
				002E48DC166357A70003B4B4 /* main.m */,
				002E48DE166357A70003B4B4 /* TestRestKit-Prefix.pch */,
				002E48E2166357A70003B4B4 /* Default.png */,
				002E48E4166357A70003B4B4 /* Default@2x.png */,
				002E48E6166357A70003B4B4 /* Default-568h@2x.png */,
			);
			name = "Supporting Files";
			sourceTree = "<group>";
		};
		002E49141663617C0003B4B4 /* Products */ = {
			isa = PBXGroup;
			children = (
				002E491F1663617C0003B4B4 /* libRestKit.a */,
				002E49211663617C0003B4B4 /* RestKitTests.octest */,
				002E49231663617C0003B4B4 /* RestKit.framework */,
				002E49251663617C0003B4B4 /* RestKitFrameworkTests.octest */,
				002E49271663617C0003B4B4 /* RestKitResources.bundle */,
			);
			name = Products;
			sourceTree = "<group>";
		};
		00AB83EE1664889900E5EB97 /* CoreData */ = {
			isa = PBXGroup;
			children = (
				00AB840A1664932A00E5EB97 /* CoreDataTest.h */,
				00AB840B1664932A00E5EB97 /* CoreDataTest.m */,
				00AB83F0166488B700E5EB97 /* Human */,
				00AB83EF166488AE00E5EB97 /* Machine */,
			);
			name = CoreData;
			sourceTree = "<group>";
		};
		00AB83EF166488AE00E5EB97 /* Machine */ = {
			isa = PBXGroup;
			children = (
				00AB83F6166489A200E5EB97 /* _Brand.h */,
				00AB83F7166489A200E5EB97 /* _Brand.m */,
				00AB83F8166489A200E5EB97 /* _ProductCategory.h */,
				00AB83F9166489A200E5EB97 /* _ProductCategory.m */,
			);
			name = Machine;
			sourceTree = "<group>";
		};
		00AB83F0166488B700E5EB97 /* Human */ = {
			isa = PBXGroup;
			children = (
				00AB83FF166489C900E5EB97 /* Brand.h */,
				00AB8400166489C900E5EB97 /* Brand.m */,
				00AB8401166489C900E5EB97 /* ProductCategory.h */,
				00AB8402166489C900E5EB97 /* ProductCategory.m */,
			);
			name = Human;
			sourceTree = "<group>";
		};
		00AB8415166495D200E5EB97 /* 3rdParty */ = {
			isa = PBXGroup;
			children = (
				00AB8416166497CC00E5EB97 /* InnerBand */,
			);
			name = 3rdParty;
			sourceTree = "<group>";
		};
		00AB8416166497CC00E5EB97 /* InnerBand */ = {
			isa = PBXGroup;
			children = (
				00AB8417166497CC00E5EB97 /* Controls */,
				00AB841E166497CC00E5EB97 /* Core */,
				00AB8443166497CC00E5EB97 /* Core Data */,
				00AB8446166497CC00E5EB97 /* Message Center */,
			);
			name = InnerBand;
			path = OtherRes/InnerBand;
			sourceTree = "<group>";
		};
		00AB8417166497CC00E5EB97 /* Controls */ = {
			isa = PBXGroup;
			children = (
				00AB8418166497CC00E5EB97 /* IBAlertView.h */,
				00AB8419166497CC00E5EB97 /* IBAlertView.m */,
				00AB841A166497CC00E5EB97 /* IBCoreTextLabel.h */,
				00AB841B166497CC00E5EB97 /* IBCoreTextLabel.m */,
				00AB841C166497CC00E5EB97 /* IBHTMLLabel.h */,
				00AB841D166497CC00E5EB97 /* IBHTMLLabel.m */,
			);
			path = Controls;
			sourceTree = "<group>";
		};
		00AB841E166497CC00E5EB97 /* Core */ = {
			isa = PBXGroup;
			children = (
				00AB841F166497CC00E5EB97 /* Categories */,
				00AB843A166497CC00E5EB97 /* IBFunctions.h */,
				00AB843B166497CC00E5EB97 /* IBFunctions.m */,
				00AB843C166497CC00E5EB97 /* Macros */,
				00AB8440166497CC00E5EB97 /* Utils */,
			);
			path = Core;
			sourceTree = "<group>";
		};
		00AB841F166497CC00E5EB97 /* Categories */ = {
			isa = PBXGroup;
			children = (
				00AB8420166497CC00E5EB97 /* CGContext+InnerBand.h */,
				00AB8421166497CC00E5EB97 /* CGContext+InnerBand.m */,
				00AB8422166497CC00E5EB97 /* NSArray+InnerBand.h */,
				00AB8423166497CC00E5EB97 /* NSArray+InnerBand.m */,
				00AB8424166497CC00E5EB97 /* NSDate+InnerBand.h */,
				00AB8425166497CC00E5EB97 /* NSDate+InnerBand.m */,
				00AB8426166497CC00E5EB97 /* NSManagedObject+InnerBand.h */,
				00AB8427166497CC00E5EB97 /* NSManagedObject+InnerBand.m */,
				00AB8428166497CC00E5EB97 /* NSMutableArray+InnerBand.h */,
				00AB8429166497CC00E5EB97 /* NSMutableArray+InnerBand.m */,
				00AB842A166497CC00E5EB97 /* NSMutableString+InnerBand.h */,
				00AB842B166497CC00E5EB97 /* NSMutableString+InnerBand.m */,
				00AB842C166497CC00E5EB97 /* NSNumber+InnerBand.h */,
				00AB842D166497CC00E5EB97 /* NSNumber+InnerBand.m */,
				00AB842E166497CC00E5EB97 /* NSObject+InnerBand.h */,
				00AB842F166497CC00E5EB97 /* NSObject+InnerBand.m */,
				00AB8430166497CC00E5EB97 /* NSString+InnerBand.h */,
				00AB8431166497CC00E5EB97 /* NSString+InnerBand.m */,
				00AB8432166497CC00E5EB97 /* NSString+XMLEncoding.h */,
				00AB8433166497CC00E5EB97 /* NSString+XMLEncoding.m */,
				00AB8434166497CC00E5EB97 /* UIColor+InnerBand.h */,
				00AB8435166497CC00E5EB97 /* UIColor+InnerBand.m */,
				00AB8436166497CC00E5EB97 /* UIImage+InnerBand.h */,
				00AB8437166497CC00E5EB97 /* UIImage+InnerBand.m */,
				00AB8438166497CC00E5EB97 /* UIView+InnerBand.h */,
				00AB8439166497CC00E5EB97 /* UIView+InnerBand.m */,
			);
			path = Categories;
			sourceTree = "<group>";
		};
		00AB843C166497CC00E5EB97 /* Macros */ = {
			isa = PBXGroup;
			children = (
				00AB843D166497CC00E5EB97 /* IBConstants.h */,
				00AB843E166497CC00E5EB97 /* IBMacros.h */,
				00AB843F166497CC00E5EB97 /* IBTypes.h */,
			);
			path = Macros;
			sourceTree = "<group>";
		};
		00AB8440166497CC00E5EB97 /* Utils */ = {
			isa = PBXGroup;
			children = (
				00AB8441166497CC00E5EB97 /* IBViewUtil.h */,
				00AB8442166497CC00E5EB97 /* IBViewUtil.m */,
			);
			path = Utils;
			sourceTree = "<group>";
		};
		00AB8443166497CC00E5EB97 /* Core Data */ = {
			isa = PBXGroup;
			children = (
				00AB8444166497CC00E5EB97 /* IBCoreDataStore.h */,
				00AB8445166497CC00E5EB97 /* IBCoreDataStore.m */,
			);
			path = "Core Data";
			sourceTree = "<group>";
		};
		00AB8446166497CC00E5EB97 /* Message Center */ = {
			isa = PBXGroup;
			children = (
				00AB8447166497CC00E5EB97 /* Dispatch Messages */,
				00AB8450166497CC00E5EB97 /* IBDispatchMessage.h */,
				00AB8451166497CC00E5EB97 /* IBDispatchMessage.m */,
				00AB8452166497CC00E5EB97 /* IBMessageCenter.h */,
				00AB8453166497CC00E5EB97 /* IBMessageCenter.m */,
				00AB8454166497CC00E5EB97 /* IBMessageProcessor.h */,
				00AB8455166497CC00E5EB97 /* IBMessageProcessor.m */,
				00AB8456166497CC00E5EB97 /* IBTargetAction.h */,
				00AB8457166497CC00E5EB97 /* IBTargetAction.m */,
			);
			path = "Message Center";
			sourceTree = "<group>";
		};
		00AB8447166497CC00E5EB97 /* Dispatch Messages */ = {
			isa = PBXGroup;
			children = (
				00AB8448166497CC00E5EB97 /* IBBlockBasedDispatchMessage.h */,
				00AB8449166497CC00E5EB97 /* IBBlockBasedDispatchMessage.m */,
				00AB844A166497CC00E5EB97 /* IBHTTPGetRequestMessage.h */,
				00AB844B166497CC00E5EB97 /* IBHTTPGetRequestMessage.m */,
				00AB844C166497CC00E5EB97 /* IBHTTPPostRequestMessage.h */,
				00AB844D166497CC00E5EB97 /* IBHTTPPostRequestMessage.m */,
				00AB844E166497CC00E5EB97 /* IBSequencedMessage.h */,
				00AB844F166497CC00E5EB97 /* IBSequencedMessage.m */,
			);
			path = "Dispatch Messages";
			sourceTree = "<group>";
		};
/* End PBXGroup section */

/* Begin PBXNativeTarget section */
		002E48CB166357A70003B4B4 /* TestRestKit */ = {
			isa = PBXNativeTarget;
			buildConfigurationList = 002E48F3166357A70003B4B4 /* Build configuration list for PBXNativeTarget "TestRestKit" */;
			buildPhases = (
				002E48C8166357A70003B4B4 /* Sources */,
				002E48C9166357A70003B4B4 /* Frameworks */,
				002E48CA166357A70003B4B4 /* Resources */,
			);
			buildRules = (
			);
			dependencies = (
				002E492A166361B10003B4B4 /* PBXTargetDependency */,
			);
			name = TestRestKit;
			productName = TestRestKit;
			productReference = 002E48CC166357A70003B4B4 /* TestRestKit.app */;
			productType = "com.apple.product-type.application";
		};
		00AB8366166463EF00E5EB97 /* Generate Seed */ = {
			isa = PBXNativeTarget;
			buildConfigurationList = 00AB8380166463EF00E5EB97 /* Build configuration list for PBXNativeTarget "Generate Seed" */;
			buildPhases = (
				00AB8369166463EF00E5EB97 /* Sources */,
				00AB836E166463EF00E5EB97 /* Frameworks */,
				00AB837A166463EF00E5EB97 /* Resources */,
			);
			buildRules = (
			);
			dependencies = (
				00AB8367166463EF00E5EB97 /* PBXTargetDependency */,
			);
			name = "Generate Seed";
			productName = TestRestKit;
			productReference = 00AB8383166463EF00E5EB97 /* TestRestKit copy.app */;
			productType = "com.apple.product-type.application";
		};
/* End PBXNativeTarget section */

/* Begin PBXProject section */
		002E48C3166357A70003B4B4 /* Project object */ = {
			isa = PBXProject;
			attributes = {
				LastUpgradeCheck = 0450;
				ORGANIZATIONNAME = AAA;
			};
			buildConfigurationList = 002E48C6166357A70003B4B4 /* Build configuration list for PBXProject "TestRestKit" */;
			compatibilityVersion = "Xcode 3.2";
			developmentRegion = English;
			hasScannedForEncodings = 0;
			knownRegions = (
				en,
			);
			mainGroup = 002E48C1166357A70003B4B4;
			productRefGroup = 002E48CD166357A70003B4B4 /* Products */;
			projectDirPath = "";
			projectReferences = (
				{
					ProductGroup = 002E49141663617C0003B4B4 /* Products */;
					ProjectRef = 002E49131663617C0003B4B4 /* RestKit.xcodeproj */;
				},
			);
			projectRoot = "";
			targets = (
				002E48CB166357A70003B4B4 /* TestRestKit */,
				00AB8366166463EF00E5EB97 /* Generate Seed */,
				00AB83F1166488FA00E5EB97 /* CoreDataGenerator */,
			);
		};
/* End PBXProject section */

/* Begin PBXReferenceProxy section */
		002E491F1663617C0003B4B4 /* libRestKit.a */ = {
			isa = PBXReferenceProxy;
			fileType = archive.ar;
			path = libRestKit.a;
			remoteRef = 002E491E1663617C0003B4B4 /* PBXContainerItemProxy */;
			sourceTree = BUILT_PRODUCTS_DIR;
		};
		002E49211663617C0003B4B4 /* RestKitTests.octest */ = {
			isa = PBXReferenceProxy;
			fileType = wrapper.cfbundle;
			path = RestKitTests.octest;
			remoteRef = 002E49201663617C0003B4B4 /* PBXContainerItemProxy */;
			sourceTree = BUILT_PRODUCTS_DIR;
		};
		002E49231663617C0003B4B4 /* RestKit.framework */ = {
			isa = PBXReferenceProxy;
			fileType = wrapper.framework;
			path = RestKit.framework;
			remoteRef = 002E49221663617C0003B4B4 /* PBXContainerItemProxy */;
			sourceTree = BUILT_PRODUCTS_DIR;
		};
		002E49251663617C0003B4B4 /* RestKitFrameworkTests.octest */ = {
			isa = PBXReferenceProxy;
			fileType = wrapper.cfbundle;
			path = RestKitFrameworkTests.octest;
			remoteRef = 002E49241663617C0003B4B4 /* PBXContainerItemProxy */;
			sourceTree = BUILT_PRODUCTS_DIR;
		};
		002E49271663617C0003B4B4 /* RestKitResources.bundle */ = {
			isa = PBXReferenceProxy;
			fileType = wrapper.cfbundle;
			path = RestKitResources.bundle;
			remoteRef = 002E49261663617C0003B4B4 /* PBXContainerItemProxy */;
			sourceTree = BUILT_PRODUCTS_DIR;
		};
/* End PBXReferenceProxy section */

/* Begin PBXResourcesBuildPhase section */
		002E48CA166357A70003B4B4 /* Resources */ = {
			isa = PBXResourcesBuildPhase;
			buildActionMask = 2147483647;
			files = (
				002E48DB166357A70003B4B4 /* InfoPlist.strings in Resources */,
				002E48E3166357A70003B4B4 /* Default.png in Resources */,
				002E48E5166357A70003B4B4 /* Default@2x.png in Resources */,
				002E48E7166357A70003B4B4 /* Default-568h@2x.png in Resources */,
				002E48EA166357A70003B4B4 /* MainStoryboard.storyboard in Resources */,
				00AB847616649A0F00E5EB97 /* RKSeedDatabase.sqlite in Resources */,
			);
			runOnlyForDeploymentPostprocessing = 0;
		};
		00AB837A166463EF00E5EB97 /* Resources */ = {
			isa = PBXResourcesBuildPhase;
			buildActionMask = 2147483647;
			files = (
				00AB837B166463EF00E5EB97 /* InfoPlist.strings in Resources */,
				00AB837C166463EF00E5EB97 /* Default.png in Resources */,
				00AB837D166463EF00E5EB97 /* Default@2x.png in Resources */,
				00AB837E166463EF00E5EB97 /* Default-568h@2x.png in Resources */,
				00AB837F166463EF00E5EB97 /* MainStoryboard.storyboard in Resources */,
				00AB838E166478D700E5EB97 /* brands.json in Resources */,
				00AB84781664D6A800E5EB97 /* ECBrand.json in Resources */,
			);
			runOnlyForDeploymentPostprocessing = 0;
		};
/* End PBXResourcesBuildPhase section */

/* Begin PBXShellScriptBuildPhase section */
		00AB83F51664893000E5EB97 /* ShellScript */ = {
			isa = PBXShellScriptBuildPhase;
			buildActionMask = 2147483647;
			files = (
			);
			inputPaths = (
			);
			outputPaths = (
			);
			runOnlyForDeploymentPostprocessing = 0;
			shellPath = /bin/sh;
			shellScript = "cd TestRestKit\nmogenerator -m Model.xcdatamodeld/Model.xcdatamodel/ --template-var arc=true";
		};
/* End PBXShellScriptBuildPhase section */

/* Begin PBXSourcesBuildPhase section */
		002E48C8166357A70003B4B4 /* Sources */ = {
			isa = PBXSourcesBuildPhase;
			buildActionMask = 2147483647;
			files = (
				002E48DD166357A70003B4B4 /* main.m in Sources */,
				002E48E1166357A70003B4B4 /* AppDelegate.m in Sources */,
				002E48ED166357A70003B4B4 /* MasterViewController.m in Sources */,
				002E48F0166357A70003B4B4 /* DetailViewController.m in Sources */,
				00AB83EC1664866600E5EB97 /* Model.xcdatamodeld in Sources */,
				00AB83FA166489A200E5EB97 /* _Brand.m in Sources */,
				00AB83FC166489A200E5EB97 /* _ProductCategory.m in Sources */,
				00AB8403166489C900E5EB97 /* Brand.m in Sources */,
				00AB8405166489C900E5EB97 /* ProductCategory.m in Sources */,
				00AB840C1664932A00E5EB97 /* CoreDataTest.m in Sources */,
				00AB8458166497CC00E5EB97 /* IBAlertView.m in Sources */,
				00AB8459166497CC00E5EB97 /* IBCoreTextLabel.m in Sources */,
				00AB845A166497CC00E5EB97 /* IBHTMLLabel.m in Sources */,
				00AB845B166497CC00E5EB97 /* CGContext+InnerBand.m in Sources */,
				00AB845C166497CC00E5EB97 /* NSArray+InnerBand.m in Sources */,
				00AB845D166497CC00E5EB97 /* NSDate+InnerBand.m in Sources */,
				00AB845E166497CC00E5EB97 /* NSManagedObject+InnerBand.m in Sources */,
				00AB845F166497CC00E5EB97 /* NSMutableArray+InnerBand.m in Sources */,
				00AB8460166497CC00E5EB97 /* NSMutableString+InnerBand.m in Sources */,
				00AB8461166497CC00E5EB97 /* NSNumber+InnerBand.m in Sources */,
				00AB8462166497CC00E5EB97 /* NSObject+InnerBand.m in Sources */,
				00AB8463166497CC00E5EB97 /* NSString+InnerBand.m in Sources */,
				00AB8464166497CC00E5EB97 /* NSString+XMLEncoding.m in Sources */,
				00AB8465166497CC00E5EB97 /* UIColor+InnerBand.m in Sources */,
				00AB8466166497CC00E5EB97 /* UIImage+InnerBand.m in Sources */,
				00AB8467166497CC00E5EB97 /* UIView+InnerBand.m in Sources */,
				00AB8468166497CC00E5EB97 /* IBFunctions.m in Sources */,
				00AB8469166497CC00E5EB97 /* IBViewUtil.m in Sources */,
				00AB846A166497CC00E5EB97 /* IBCoreDataStore.m in Sources */,
				00AB846B166497CC00E5EB97 /* IBBlockBasedDispatchMessage.m in Sources */,
				00AB846C166497CC00E5EB97 /* IBHTTPGetRequestMessage.m in Sources */,
				00AB846D166497CC00E5EB97 /* IBHTTPPostRequestMessage.m in Sources */,
				00AB846E166497CC00E5EB97 /* IBSequencedMessage.m in Sources */,
				00AB846F166497CC00E5EB97 /* IBDispatchMessage.m in Sources */,
				00AB8470166497CC00E5EB97 /* IBMessageCenter.m in Sources */,
				00AB8471166497CC00E5EB97 /* IBMessageProcessor.m in Sources */,
				00AB8472166497CC00E5EB97 /* IBTargetAction.m in Sources */,
			);
			runOnlyForDeploymentPostprocessing = 0;
		};
		00AB8369166463EF00E5EB97 /* Sources */ = {
			isa = PBXSourcesBuildPhase;
			buildActionMask = 2147483647;
			files = (
				00AB836A166463EF00E5EB97 /* main.m in Sources */,
				00AB836B166463EF00E5EB97 /* AppDelegate.m in Sources */,
				00AB836C166463EF00E5EB97 /* MasterViewController.m in Sources */,
				00AB836D166463EF00E5EB97 /* DetailViewController.m in Sources */,
				00AB83ED1664866600E5EB97 /* Model.xcdatamodeld in Sources */,
				00AB83FB166489A200E5EB97 /* _Brand.m in Sources */,
				00AB83FD166489A200E5EB97 /* _ProductCategory.m in Sources */,
				00AB8404166489C900E5EB97 /* Brand.m in Sources */,
				00AB8406166489C900E5EB97 /* ProductCategory.m in Sources */,
			);
			runOnlyForDeploymentPostprocessing = 0;
		};
/* End PBXSourcesBuildPhase section */

/* Begin PBXTargetDependency section */
		002E492A166361B10003B4B4 /* PBXTargetDependency */ = {
			isa = PBXTargetDependency;
			name = RestKit;
			targetProxy = 002E4929166361B10003B4B4 /* PBXContainerItemProxy */;
		};
		00AB8367166463EF00E5EB97 /* PBXTargetDependency */ = {
			isa = PBXTargetDependency;
			name = RestKit;
			targetProxy = 00AB8368166463EF00E5EB97 /* PBXContainerItemProxy */;
		};
/* End PBXTargetDependency section */

/* Begin PBXVariantGroup section */
		002E48D9166357A70003B4B4 /* InfoPlist.strings */ = {
			isa = PBXVariantGroup;
			children = (
				002E48DA166357A70003B4B4 /* en */,
			);
			name = InfoPlist.strings;
			sourceTree = "<group>";
		};
		002E48E8166357A70003B4B4 /* MainStoryboard.storyboard */ = {
			isa = PBXVariantGroup;
			children = (
				002E48E9166357A70003B4B4 /* en */,
			);
			name = MainStoryboard.storyboard;
			sourceTree = "<group>";
		};
/* End PBXVariantGroup section */

/* Begin XCBuildConfiguration section */
		002E48F1166357A70003B4B4 /* Debug */ = {
			isa = XCBuildConfiguration;
			buildSettings = {
				ALWAYS_SEARCH_USER_PATHS = NO;
				CLANG_CXX_LANGUAGE_STANDARD = "gnu++0x";
				CLANG_CXX_LIBRARY = "libc++";
				CLANG_ENABLE_OBJC_ARC = YES;
				CLANG_WARN_EMPTY_BODY = YES;
				CLANG_WARN__DUPLICATE_METHOD_MATCH = YES;
				"CODE_SIGN_IDENTITY[sdk=iphoneos*]" = "iPhone Developer";
				COPY_PHASE_STRIP = NO;
				GCC_C_LANGUAGE_STANDARD = gnu99;
				GCC_DYNAMIC_NO_PIC = NO;
				GCC_OPTIMIZATION_LEVEL = 0;
				GCC_PREPROCESSOR_DEFINITIONS = (
					"DEBUG=1",
					"$(inherited)",
				);
				GCC_SYMBOLS_PRIVATE_EXTERN = NO;
				GCC_WARN_ABOUT_RETURN_TYPE = YES;
				GCC_WARN_UNINITIALIZED_AUTOS = YES;
				GCC_WARN_UNUSED_VARIABLE = YES;
				IPHONEOS_DEPLOYMENT_TARGET = 6.0;
				SDKROOT = iphoneos;
				TARGETED_DEVICE_FAMILY = 2;
			};
			name = Debug;
		};
		002E48F2166357A70003B4B4 /* Release */ = {
			isa = XCBuildConfiguration;
			buildSettings = {
				ALWAYS_SEARCH_USER_PATHS = NO;
				CLANG_CXX_LANGUAGE_STANDARD = "gnu++0x";
				CLANG_CXX_LIBRARY = "libc++";
				CLANG_ENABLE_OBJC_ARC = YES;
				CLANG_WARN_EMPTY_BODY = YES;
				CLANG_WARN__DUPLICATE_METHOD_MATCH = YES;
				"CODE_SIGN_IDENTITY[sdk=iphoneos*]" = "iPhone Developer";
				COPY_PHASE_STRIP = YES;
				GCC_C_LANGUAGE_STANDARD = gnu99;
				GCC_WARN_ABOUT_RETURN_TYPE = YES;
				GCC_WARN_UNINITIALIZED_AUTOS = YES;
				GCC_WARN_UNUSED_VARIABLE = YES;
				IPHONEOS_DEPLOYMENT_TARGET = 6.0;
				OTHER_CFLAGS = "-DNS_BLOCK_ASSERTIONS=1";
				SDKROOT = iphoneos;
				TARGETED_DEVICE_FAMILY = 2;
				VALIDATE_PRODUCT = YES;
			};
			name = Release;
		};
		002E48F4166357A70003B4B4 /* Debug */ = {
			isa = XCBuildConfiguration;
			buildSettings = {
				GCC_PRECOMPILE_PREFIX_HEADER = YES;
				GCC_PREFIX_HEADER = "TestRestKit/TestRestKit-Prefix.pch";
				HEADER_SEARCH_PATHS = "\"$(BUILT_PRODUCTS_DIR)/../../Headers\"";
				INFOPLIST_FILE = "TestRestKit/TestRestKit-Info.plist";
				OTHER_LDFLAGS = (
					"-ObjC",
					"-all_load",
				);
				PRODUCT_NAME = "$(TARGET_NAME)";
				WRAPPER_EXTENSION = app;
			};
			name = Debug;
		};
		002E48F5166357A70003B4B4 /* Release */ = {
			isa = XCBuildConfiguration;
			buildSettings = {
				GCC_PRECOMPILE_PREFIX_HEADER = YES;
				GCC_PREFIX_HEADER = "TestRestKit/TestRestKit-Prefix.pch";
				HEADER_SEARCH_PATHS = "\"$(BUILT_PRODUCTS_DIR)/../../Headers\"";
				INFOPLIST_FILE = "TestRestKit/TestRestKit-Info.plist";
				OTHER_LDFLAGS = (
					"-ObjC",
					"-all_load",
				);
				PRODUCT_NAME = "$(TARGET_NAME)";
				WRAPPER_EXTENSION = app;
			};
			name = Release;
		};
		00AB8381166463EF00E5EB97 /* Debug */ = {
			isa = XCBuildConfiguration;
			buildSettings = {
				GCC_PRECOMPILE_PREFIX_HEADER = YES;
				GCC_PREFIX_HEADER = "TestRestKit/TestRestKit-Prefix.pch";
				GCC_PREPROCESSOR_DEFINITIONS = RESTKIT_GENERATE_SEED_DB;
				HEADER_SEARCH_PATHS = "\"$(BUILT_PRODUCTS_DIR)/../../Headers\"";
				INFOPLIST_FILE = "TestRestKit copy-Info.plist";
				OTHER_LDFLAGS = (
					"-ObjC",
					"-all_load",
				);
				PRODUCT_NAME = "TestRestKit copy";
				WRAPPER_EXTENSION = app;
			};
			name = Debug;
		};
		00AB8382166463EF00E5EB97 /* Release */ = {
			isa = XCBuildConfiguration;
			buildSettings = {
				GCC_PRECOMPILE_PREFIX_HEADER = YES;
				GCC_PREFIX_HEADER = "TestRestKit/TestRestKit-Prefix.pch";
				GCC_PREPROCESSOR_DEFINITIONS = RESTKIT_GENERATE_SEED_DB;
				HEADER_SEARCH_PATHS = "\"$(BUILT_PRODUCTS_DIR)/../../Headers\"";
				INFOPLIST_FILE = "TestRestKit copy-Info.plist";
				OTHER_LDFLAGS = (
					"-ObjC",
					"-all_load",
				);
				PRODUCT_NAME = "TestRestKit copy";
				WRAPPER_EXTENSION = app;
			};
			name = Release;
		};
		00AB83F3166488FA00E5EB97 /* Debug */ = {
			isa = XCBuildConfiguration;
			buildSettings = {
				PRODUCT_NAME = "$(TARGET_NAME)";
			};
			name = Debug;
		};
		00AB83F4166488FA00E5EB97 /* Release */ = {
			isa = XCBuildConfiguration;
			buildSettings = {
				PRODUCT_NAME = "$(TARGET_NAME)";
			};
			name = Release;
		};
/* End XCBuildConfiguration section */

/* Begin XCConfigurationList section */
		002E48C6166357A70003B4B4 /* Build configuration list for PBXProject "TestRestKit" */ = {
			isa = XCConfigurationList;
			buildConfigurations = (
				002E48F1166357A70003B4B4 /* Debug */,
				002E48F2166357A70003B4B4 /* Release */,
			);
			defaultConfigurationIsVisible = 0;
			defaultConfigurationName = Release;
		};
		002E48F3166357A70003B4B4 /* Build configuration list for PBXNativeTarget "TestRestKit" */ = {
			isa = XCConfigurationList;
			buildConfigurations = (
				002E48F4166357A70003B4B4 /* Debug */,
				002E48F5166357A70003B4B4 /* Release */,
			);
			defaultConfigurationIsVisible = 0;
			defaultConfigurationName = Release;
		};
		00AB8380166463EF00E5EB97 /* Build configuration list for PBXNativeTarget "Generate Seed" */ = {
			isa = XCConfigurationList;
			buildConfigurations = (
				00AB8381166463EF00E5EB97 /* Debug */,
				00AB8382166463EF00E5EB97 /* Release */,
			);
			defaultConfigurationIsVisible = 0;
			defaultConfigurationName = Release;
		};
		00AB83F2166488FA00E5EB97 /* Build configuration list for PBXAggregateTarget "CoreDataGenerator" */ = {
			isa = XCConfigurationList;
			buildConfigurations = (
				00AB83F3166488FA00E5EB97 /* Debug */,
				00AB83F4166488FA00E5EB97 /* Release */,
			);
			defaultConfigurationIsVisible = 0;
		};
/* End XCConfigurationList section */

/* Begin XCVersionGroup section */
		00AB83EA1664866600E5EB97 /* Model.xcdatamodeld */ = {
			isa = XCVersionGroup;
			children = (
				00AB83EB1664866600E5EB97 /* Model.xcdatamodel */,
			);
			currentVersion = 00AB83EB1664866600E5EB97 /* Model.xcdatamodel */;
			path = Model.xcdatamodeld;
			sourceTree = "<group>";
			versionGroupType = wrapper.xcdatamodel;
		};
/* End XCVersionGroup section */
	};
	rootObject = 002E48C3166357A70003B4B4 /* Project object */;
}
